
Microsoft Visual Studio Solution File, Format Version 12.00
# Visual Studio Version 16
VisualStudioVersion = 16.0.30711.63
MinimumVisualStudioVersion = 10.0.40219.1
Project("{FAE04EC0-301F-11D3-BF4B-00C04F79EFBC}") = "Application", "src\Application\Application.csproj", "{12F5F2AD-43E4-469F-9E67-52A66164B081}"
EndProject
Project("{2150E333-8FDC-42A3-9474-1A3956D46DE8}") = "src", "src", "{7BD27F57-C2F4-442D-9972-F3A0FA17C432}"
EndProject
Project("{2150E333-8FDC-42A3-9474-1A3956D46DE8}") = "tests", "tests", "{5E1FBE7D-71F8-4352-A6B9-65B191B266EB}"
EndProject
Project("{FAE04EC0-301F-11D3-BF4B-00C04F79EFBC}") = "Domain", "src\Domain\Domain.csproj", "{8901889B-DD7B-4025-9671-54BD29DAA427}"
EndProject
Project("{FAE04EC0-301F-11D3-BF4B-00C04F79EFBC}") = "Infrastructure", "src\Infrastructure\Infrastructure.csproj", "{0833E318-6B5B-4B62-A1F7-4DFDEEDB641A}"
EndProject
Project("{FAE04EC0-301F-11D3-BF4B-00C04F79EFBC}") = "WebUI", "src\WebUI\WebUI.csproj", "{8E573C4B-F1A7-4ACA-ADF2-3FBF47CC35CA}"
EndProject
Global
	GlobalSection(SolutionConfigurationPlatforms) = preSolution
		Debug|Any CPU = Debug|Any CPU
		Release|Any CPU = Release|Any CPU
	EndGlobalSection
	GlobalSection(ProjectConfigurationPlatforms) = postSolution
		{12F5F2AD-43E4-469F-9E67-52A66164B081}.Debug|Any CPU.ActiveCfg = Debug|Any CPU
		{12F5F2AD-43E4-469F-9E67-52A66164B081}.Debug|Any CPU.Build.0 = Debug|Any CPU
		{12F5F2AD-43E4-469F-9E67-52A66164B081}.Release|Any CPU.ActiveCfg = Release|Any CPU
		{12F5F2AD-43E4-469F-9E67-52A66164B081}.Release|Any CPU.Build.0 = Release|Any CPU
		{8901889B-DD7B-4025-9671-54BD29DAA427}.Debug|Any CPU.ActiveCfg = Debug|Any CPU
		{8901889B-DD7B-4025-9671-54BD29DAA427}.Debug|Any CPU.Build.0 = Debug|Any CPU
		{8901889B-DD7B-4025-9671-54BD29DAA427}.Release|Any CPU.ActiveCfg = Release|Any CPU
		{8901889B-DD7B-4025-9671-54BD29DAA427}.Release|Any CPU.Build.0 = Release|Any CPU
		{0833E318-6B5B-4B62-A1F7-4DFDEEDB641A}.Debug|Any CPU.ActiveCfg = Debug|Any CPU
		{0833E318-6B5B-4B62-A1F7-4DFDEEDB641A}.Debug|Any CPU.Build.0 = Debug|Any CPU
		{0833E318-6B5B-4B62-A1F7-4DFDEEDB641A}.Release|Any CPU.ActiveCfg = Release|Any CPU
		{0833E318-6B5B-4B62-A1F7-4DFDEEDB641A}.Release|Any CPU.Build.0 = Release|Any CPU
		{8E573C4B-F1A7-4ACA-ADF2-3FBF47CC35CA}.Debug|Any CPU.ActiveCfg = Debug|Any CPU
		{8E573C4B-F1A7-4ACA-ADF2-3FBF47CC35CA}.Debug|Any CPU.Build.0 = Debug|Any CPU
		{8E573C4B-F1A7-4ACA-ADF2-3FBF47CC35CA}.Release|Any CPU.ActiveCfg = Release|Any CPU
		{8E573C4B-F1A7-4ACA-ADF2-3FBF47CC35CA}.Release|Any CPU.Build.0 = Release|Any CPU
	EndGlobalSection
	GlobalSection(SolutionProperties) = preSolution
		HideSolutionNode = FALSE
	EndGlobalSection
	GlobalSection(NestedProjects) = preSolution
		{12F5F2AD-43E4-469F-9E67-52A66164B081} = {7BD27F57-C2F4-442D-9972-F3A0FA17C432}
		{8901889B-DD7B-4025-9671-54BD29DAA427} = {7BD27F57-C2F4-442D-9972-F3A0FA17C432}
		{0833E318-6B5B-4B62-A1F7-4DFDEEDB641A} = {7BD27F57-C2F4-442D-9972-F3A0FA17C432}
		{8E573C4B-F1A7-4ACA-ADF2-3FBF47CC35CA} = {7BD27F57-C2F4-442D-9972-F3A0FA17C432}
	EndGlobalSection
	GlobalSection(ExtensibilityGlobals) = postSolution
		SolutionGuid = {705D80F1-9F18-4196-B165-868185374E75}
	EndGlobalSection
EndGlobal
